
Microsoft Visual Studio Solution File, Format Version 12.00
# Visual Studio Version 16
VisualStudioVersion = 16.0.30503.244
MinimumVisualStudioVersion = 10.0.40219.1
Project("{FAE04EC0-301F-11D3-BF4B-00C04F79EFBC}") = "TestApplication1", "TestApplication1\TestApplication1.csproj", "{4EF75619-7254-4C1A-A459-FCEB3B4EA376}"
EndProject
Project("{FAE04EC0-301F-11D3-BF4B-00C04F79EFBC}") = "TestApplication2", "TestApplication2\TestApplication2.csproj", "{7A2F4979-0034-4746-BA6F-B3581AA207DB}"
EndProject
Global
	GlobalSection(SolutionConfigurationPlatforms) = preSolution
		Debug|Any CPU = Debug|Any CPU
		Release|Any CPU = Release|Any CPU
	EndGlobalSection
	GlobalSection(ProjectConfigurationPlatforms) = postSolution
		{4EF75619-7254-4C1A-A459-FCEB3B4EA376}.Debug|Any CPU.ActiveCfg = Debug|Any CPU
		{4EF75619-7254-4C1A-A459-FCEB3B4EA376}.Debug|Any CPU.Build.0 = Debug|Any CPU
		{4EF75619-7254-4C1A-A459-FCEB3B4EA376}.Release|Any CPU.ActiveCfg = Release|Any CPU
		{4EF75619-7254-4C1A-A459-FCEB3B4EA376}.Release|Any CPU.Build.0 = Release|Any CPU
		{7A2F4979-0034-4746-BA6F-B3581AA207DB}.Debug|Any CPU.ActiveCfg = Debug|Any CPU
		{7A2F4979-0034-4746-BA6F-B3581AA207DB}.Debug|Any CPU.Build.0 = Debug|Any CPU
		{7A2F4979-0034-4746-BA6F-B3581AA207DB}.Release|Any CPU.ActiveCfg = Release|Any CPU
		{7A2F4979-0034-4746-BA6F-B3581AA207DB}.Release|Any CPU.Build.0 = Release|Any CPU
	EndGlobalSection
	GlobalSection(SolutionProperties) = preSolution
		HideSolutionNode = FALSE
	EndGlobalSection
	GlobalSection(ExtensibilityGlobals) = postSolution
		SolutionGuid = {7B805A83-86BF-46D4-A415-1E7C7B8F6FFE}
	EndGlobalSection
EndGlobal
